
Microsoft Visual Studio Solution File, Format Version 12.00
# Visual Studio Version 16
VisualStudioVersion = 16.0.30717.126
MinimumVisualStudioVersion = 10.0.40219.1
Project("{FAE04EC0-301F-11D3-BF4B-00C04F79EFBC}") = "WpfAppViewModelFirst", "WpfAppViewModelFirst\WpfAppViewModelFirst.csproj", "{BA568BE5-3F77-42C1-A181-ED0E0334C1AD}"
EndProject
Global
	GlobalSection(SolutionConfigurationPlatforms) = preSolution
		Debug|Any CPU = Debug|Any CPU
		Release|Any CPU = Release|Any CPU
	EndGlobalSection
	GlobalSection(ProjectConfigurationPlatforms) = postSolution
		{BA568BE5-3F77-42C1-A181-ED0E0334C1AD}.Debug|Any CPU.ActiveCfg = Debug|Any CPU
		{BA568BE5-3F77-42C1-A181-ED0E0334C1AD}.Debug|Any CPU.Build.0 = Debug|Any CPU
		{BA568BE5-3F77-42C1-A181-ED0E0334C1AD}.Release|Any CPU.ActiveCfg = Release|Any CPU
		{BA568BE5-3F77-42C1-A181-ED0E0334C1AD}.Release|Any CPU.Build.0 = Release|Any CPU
	EndGlobalSection
	GlobalSection(SolutionProperties) = preSolution
		HideSolutionNode = FALSE
	EndGlobalSection
	GlobalSection(ExtensibilityGlobals) = postSolution
		SolutionGuid = {39BF7A77-BB61-4D23-B628-C3E55F375575}
	EndGlobalSection
EndGlobal
